
Microsoft Visual Studio Solution File, Format Version 12.00
# Visual Studio 15
VisualStudioVersion = 15.0.27428.2043
MinimumVisualStudioVersion = 10.0.40219.1
Project("{FAE04EC0-301F-11D3-BF4B-00C04F79EFBC}") = "LineManager", "LineManager\LineManager.csproj", "{556567E1-1145-42C5-A364-A0F0687FE6FE}"
EndProject
Global
	GlobalSection(SolutionConfigurationPlatforms) = preSolution
		Debug|Any CPU = Debug|Any CPU
		Release|Any CPU = Release|Any CPU
	EndGlobalSection
	GlobalSection(ProjectConfigurationPlatforms) = postSolution
		{556567E1-1145-42C5-A364-A0F0687FE6FE}.Debug|Any CPU.ActiveCfg = Debug|Any CPU
		{556567E1-1145-42C5-A364-A0F0687FE6FE}.Debug|Any CPU.Build.0 = Debug|Any CPU
		{556567E1-1145-42C5-A364-A0F0687FE6FE}.Release|Any CPU.ActiveCfg = Release|Any CPU
		{556567E1-1145-42C5-A364-A0F0687FE6FE}.Release|Any CPU.Build.0 = Release|Any CPU
	EndGlobalSection
	GlobalSection(SolutionProperties) = preSolution
		HideSolutionNode = FALSE
	EndGlobalSection
	GlobalSection(ExtensibilityGlobals) = postSolution
		SolutionGuid = {6E8DB6AF-550C-4CDE-AD1D-B975625BCCAD}
	EndGlobalSection
EndGlobal
